
Microsoft Visual Studio Solution File, Format Version 12.00
# Visual Studio 15
VisualStudioVersion = 15.0.26403.7
MinimumVisualStudioVersion = 10.0.40219.1
Project("{FAE04EC0-301F-11D3-BF4B-00C04F79EFBC}") = "MaratonaXamarin.Android", "MaratonaXamarin\MaratonaXamarin.Android\MaratonaXamarin.Android.csproj", "{DAF5F964-B3D3-4589-AA39-77AD1DA5B06A}"
EndProject
Project("{FAE04EC0-301F-11D3-BF4B-00C04F79EFBC}") = "MaratonaXamarin", "MaratonaXamarin\MaratonaXamarin\MaratonaXamarin.csproj", "{993C46EC-4BAA-4CBB-925D-55AC3674DAFC}"
EndProject
Project("{FAE04EC0-301F-11D3-BF4B-00C04F79EFBC}") = "MaratonaXamarin.UWP", "MaratonaXamarin\MaratonaXamarin.UWP\MaratonaXamarin.UWP.csproj", "{D60D9480-6809-4909-A37F-C69A76EF2776}"
EndProject
Global
	GlobalSection(SolutionConfigurationPlatforms) = preSolution
		Ad-Hoc|Any CPU = Ad-Hoc|Any CPU
		Ad-Hoc|ARM = Ad-Hoc|ARM
		Ad-Hoc|iPhone = Ad-Hoc|iPhone
		Ad-Hoc|iPhoneSimulator = Ad-Hoc|iPhoneSimulator
		Ad-Hoc|x64 = Ad-Hoc|x64
		Ad-Hoc|x86 = Ad-Hoc|x86
		AppStore|Any CPU = AppStore|Any CPU
		AppStore|ARM = AppStore|ARM
		AppStore|iPhone = AppStore|iPhone
		AppStore|iPhoneSimulator = AppStore|iPhoneSimulator
		AppStore|x64 = AppStore|x64
		AppStore|x86 = AppStore|x86
		Debug|Any CPU = Debug|Any CPU
		Debug|ARM = Debug|ARM
		Debug|iPhone = Debug|iPhone
		Debug|iPhoneSimulator = Debug|iPhoneSimulator
		Debug|x64 = Debug|x64
		Debug|x86 = Debug|x86
		Release|Any CPU = Release|Any CPU
		Release|ARM = Release|ARM
		Release|iPhone = Release|iPhone
		Release|iPhoneSimulator = Release|iPhoneSimulator
		Release|x64 = Release|x64
		Release|x86 = Release|x86
	EndGlobalSection
	GlobalSection(ProjectConfigurationPlatforms) = postSolution
		{DAF5F964-B3D3-4589-AA39-77AD1DA5B06A}.Ad-Hoc|Any CPU.ActiveCfg = Release|Any CPU
		{DAF5F964-B3D3-4589-AA39-77AD1DA5B06A}.Ad-Hoc|Any CPU.Build.0 = Release|Any CPU
		{DAF5F964-B3D3-4589-AA39-77AD1DA5B06A}.Ad-Hoc|Any CPU.Deploy.0 = Release|Any CPU
		{DAF5F964-B3D3-4589-AA39-77AD1DA5B06A}.Ad-Hoc|ARM.ActiveCfg = Release|Any CPU
		{DAF5F964-B3D3-4589-AA39-77AD1DA5B06A}.Ad-Hoc|ARM.Build.0 = Release|Any CPU
		{DAF5F964-B3D3-4589-AA39-77AD1DA5B06A}.Ad-Hoc|ARM.Deploy.0 = Release|Any CPU
		{DAF5F964-B3D3-4589-AA39-77AD1DA5B06A}.Ad-Hoc|iPhone.ActiveCfg = Release|Any CPU
		{DAF5F964-B3D3-4589-AA39-77AD1DA5B06A}.Ad-Hoc|iPhone.Build.0 = Release|Any CPU
		{DAF5F964-B3D3-4589-AA39-77AD1DA5B06A}.Ad-Hoc|iPhone.Deploy.0 = Release|Any CPU
		{DAF5F964-B3D3-4589-AA39-77AD1DA5B06A}.Ad-Hoc|iPhoneSimulator.ActiveCfg = Release|Any CPU
		{DAF5F964-B3D3-4589-AA39-77AD1DA5B06A}.Ad-Hoc|iPhoneSimulator.Build.0 = Release|Any CPU
		{DAF5F964-B3D3-4589-AA39-77AD1DA5B06A}.Ad-Hoc|iPhoneSimulator.Deploy.0 = Release|Any CPU
		{DAF5F964-B3D3-4589-AA39-77AD1DA5B06A}.Ad-Hoc|x64.ActiveCfg = Release|Any CPU
		{DAF5F964-B3D3-4589-AA39-77AD1DA5B06A}.Ad-Hoc|x64.Build.0 = Release|Any CPU
		{DAF5F964-B3D3-4589-AA39-77AD1DA5B06A}.Ad-Hoc|x64.Deploy.0 = Release|Any CPU
		{DAF5F964-B3D3-4589-AA39-77AD1DA5B06A}.Ad-Hoc|x86.ActiveCfg = Release|Any CPU
		{DAF5F964-B3D3-4589-AA39-77AD1DA5B06A}.Ad-Hoc|x86.Build.0 = Release|Any CPU
		{DAF5F964-B3D3-4589-AA39-77AD1DA5B06A}.Ad-Hoc|x86.Deploy.0 = Release|Any CPU
		{DAF5F964-B3D3-4589-AA39-77AD1DA5B06A}.AppStore|Any CPU.ActiveCfg = Release|Any CPU
		{DAF5F964-B3D3-4589-AA39-77AD1DA5B06A}.AppStore|Any CPU.Build.0 = Release|Any CPU
		{DAF5F964-B3D3-4589-AA39-77AD1DA5B06A}.AppStore|Any CPU.Deploy.0 = Release|Any CPU
		{DAF5F964-B3D3-4589-AA39-77AD1DA5B06A}.AppStore|ARM.ActiveCfg = Release|Any CPU
		{DAF5F964-B3D3-4589-AA39-77AD1DA5B06A}.AppStore|ARM.Build.0 = Release|Any CPU
		{DAF5F964-B3D3-4589-AA39-77AD1DA5B06A}.AppStore|ARM.Deploy.0 = Release|Any CPU
		{DAF5F964-B3D3-4589-AA39-77AD1DA5B06A}.AppStore|iPhone.ActiveCfg = Release|Any CPU
		{DAF5F964-B3D3-4589-AA39-77AD1DA5B06A}.AppStore|iPhone.Build.0 = Release|Any CPU
		{DAF5F964-B3D3-4589-AA39-77AD1DA5B06A}.AppStore|iPhone.Deploy.0 = Release|Any CPU
		{DAF5F964-B3D3-4589-AA39-77AD1DA5B06A}.AppStore|iPhoneSimulator.ActiveCfg = Release|Any CPU
		{DAF5F964-B3D3-4589-AA39-77AD1DA5B06A}.AppStore|iPhoneSimulator.Build.0 = Release|Any CPU
		{DAF5F964-B3D3-4589-AA39-77AD1DA5B06A}.AppStore|iPhoneSimulator.Deploy.0 = Release|Any CPU
		{DAF5F964-B3D3-4589-AA39-77AD1DA5B06A}.AppStore|x64.ActiveCfg = Release|Any CPU
		{DAF5F964-B3D3-4589-AA39-77AD1DA5B06A}.AppStore|x64.Build.0 = Release|Any CPU
		{DAF5F964-B3D3-4589-AA39-77AD1DA5B06A}.AppStore|x64.Deploy.0 = Release|Any CPU
		{DAF5F964-B3D3-4589-AA39-77AD1DA5B06A}.AppStore|x86.ActiveCfg = Release|Any CPU
		{DAF5F964-B3D3-4589-AA39-77AD1DA5B06A}.AppStore|x86.Build.0 = Release|Any CPU
		{DAF5F964-B3D3-4589-AA39-77AD1DA5B06A}.AppStore|x86.Deploy.0 = Release|Any CPU
		{DAF5F964-B3D3-4589-AA39-77AD1DA5B06A}.Debug|Any CPU.ActiveCfg = Debug|Any CPU
		{DAF5F964-B3D3-4589-AA39-77AD1DA5B06A}.Debug|Any CPU.Build.0 = Debug|Any CPU
		{DAF5F964-B3D3-4589-AA39-77AD1DA5B06A}.Debug|Any CPU.Deploy.0 = Debug|Any CPU
		{DAF5F964-B3D3-4589-AA39-77AD1DA5B06A}.Debug|ARM.ActiveCfg = Debug|Any CPU
		{DAF5F964-B3D3-4589-AA39-77AD1DA5B06A}.Debug|ARM.Build.0 = Debug|Any CPU
		{DAF5F964-B3D3-4589-AA39-77AD1DA5B06A}.Debug|ARM.Deploy.0 = Debug|Any CPU
		{DAF5F964-B3D3-4589-AA39-77AD1DA5B06A}.Debug|iPhone.ActiveCfg = Debug|Any CPU
		{DAF5F964-B3D3-4589-AA39-77AD1DA5B06A}.Debug|iPhone.Build.0 = Debug|Any CPU
		{DAF5F964-B3D3-4589-AA39-77AD1DA5B06A}.Debug|iPhone.Deploy.0 = Debug|Any CPU
		{DAF5F964-B3D3-4589-AA39-77AD1DA5B06A}.Debug|iPhoneSimulator.ActiveCfg = Debug|Any CPU
		{DAF5F964-B3D3-4589-AA39-77AD1DA5B06A}.Debug|iPhoneSimulator.Build.0 = Debug|Any CPU
		{DAF5F964-B3D3-4589-AA39-77AD1DA5B06A}.Debug|iPhoneSimulator.Deploy.0 = Debug|Any CPU
		{DAF5F964-B3D3-4589-AA39-77AD1DA5B06A}.Debug|x64.ActiveCfg = Debug|Any CPU
		{DAF5F964-B3D3-4589-AA39-77AD1DA5B06A}.Debug|x64.Build.0 = Debug|Any CPU
		{DAF5F964-B3D3-4589-AA39-77AD1DA5B06A}.Debug|x64.Deploy.0 = Debug|Any CPU
		{DAF5F964-B3D3-4589-AA39-77AD1DA5B06A}.Debug|x86.ActiveCfg = Debug|Any CPU
		{DAF5F964-B3D3-4589-AA39-77AD1DA5B06A}.Debug|x86.Build.0 = Debug|Any CPU
		{DAF5F964-B3D3-4589-AA39-77AD1DA5B06A}.Debug|x86.Deploy.0 = Debug|Any CPU
		{DAF5F964-B3D3-4589-AA39-77AD1DA5B06A}.Release|Any CPU.ActiveCfg = Release|Any CPU
		{DAF5F964-B3D3-4589-AA39-77AD1DA5B06A}.Release|Any CPU.Build.0 = Release|Any CPU
		{DAF5F964-B3D3-4589-AA39-77AD1DA5B06A}.Release|Any CPU.Deploy.0 = Release|Any CPU
		{DAF5F964-B3D3-4589-AA39-77AD1DA5B06A}.Release|ARM.ActiveCfg = Release|Any CPU
		{DAF5F964-B3D3-4589-AA39-77AD1DA5B06A}.Release|ARM.Build.0 = Release|Any CPU
		{DAF5F964-B3D3-4589-AA39-77AD1DA5B06A}.Release|ARM.Deploy.0 = Release|Any CPU
		{DAF5F964-B3D3-4589-AA39-77AD1DA5B06A}.Release|iPhone.ActiveCfg = Release|Any CPU
		{DAF5F964-B3D3-4589-AA39-77AD1DA5B06A}.Release|iPhone.Build.0 = Release|Any CPU
		{DAF5F964-B3D3-4589-AA39-77AD1DA5B06A}.Release|iPhone.Deploy.0 = Release|Any CPU
		{DAF5F964-B3D3-4589-AA39-77AD1DA5B06A}.Release|iPhoneSimulator.ActiveCfg = Release|Any CPU
		{DAF5F964-B3D3-4589-AA39-77AD1DA5B06A}.Release|iPhoneSimulator.Build.0 = Release|Any CPU
		{DAF5F964-B3D3-4589-AA39-77AD1DA5B06A}.Release|iPhoneSimulator.Deploy.0 = Release|Any CPU
		{DAF5F964-B3D3-4589-AA39-77AD1DA5B06A}.Release|x64.ActiveCfg = Release|Any CPU
		{DAF5F964-B3D3-4589-AA39-77AD1DA5B06A}.Release|x64.Build.0 = Release|Any CPU
		{DAF5F964-B3D3-4589-AA39-77AD1DA5B06A}.Release|x64.Deploy.0 = Release|Any CPU
		{DAF5F964-B3D3-4589-AA39-77AD1DA5B06A}.Release|x86.ActiveCfg = Release|Any CPU
		{DAF5F964-B3D3-4589-AA39-77AD1DA5B06A}.Release|x86.Build.0 = Release|Any CPU
		{DAF5F964-B3D3-4589-AA39-77AD1DA5B06A}.Release|x86.Deploy.0 = Release|Any CPU
		{993C46EC-4BAA-4CBB-925D-55AC3674DAFC}.Ad-Hoc|Any CPU.ActiveCfg = Release|Any CPU
		{993C46EC-4BAA-4CBB-925D-55AC3674DAFC}.Ad-Hoc|Any CPU.Build.0 = Release|Any CPU
		{993C46EC-4BAA-4CBB-925D-55AC3674DAFC}.Ad-Hoc|ARM.ActiveCfg = Release|Any CPU
		{993C46EC-4BAA-4CBB-925D-55AC3674DAFC}.Ad-Hoc|ARM.Build.0 = Release|Any CPU
		{993C46EC-4BAA-4CBB-925D-55AC3674DAFC}.Ad-Hoc|iPhone.ActiveCfg = Release|Any CPU
		{993C46EC-4BAA-4CBB-925D-55AC3674DAFC}.Ad-Hoc|iPhone.Build.0 = Release|Any CPU
		{993C46EC-4BAA-4CBB-925D-55AC3674DAFC}.Ad-Hoc|iPhoneSimulator.ActiveCfg = Release|Any CPU
		{993C46EC-4BAA-4CBB-925D-55AC3674DAFC}.Ad-Hoc|iPhoneSimulator.Build.0 = Release|Any CPU
		{993C46EC-4BAA-4CBB-925D-55AC3674DAFC}.Ad-Hoc|x64.ActiveCfg = Release|Any CPU
		{993C46EC-4BAA-4CBB-925D-55AC3674DAFC}.Ad-Hoc|x64.Build.0 = Release|Any CPU
		{993C46EC-4BAA-4CBB-925D-55AC3674DAFC}.Ad-Hoc|x86.ActiveCfg = Release|Any CPU
		{993C46EC-4BAA-4CBB-925D-55AC3674DAFC}.Ad-Hoc|x86.Build.0 = Release|Any CPU
		{993C46EC-4BAA-4CBB-925D-55AC3674DAFC}.AppStore|Any CPU.ActiveCfg = Release|Any CPU
		{993C46EC-4BAA-4CBB-925D-55AC3674DAFC}.AppStore|Any CPU.Build.0 = Release|Any CPU
		{993C46EC-4BAA-4CBB-925D-55AC3674DAFC}.AppStore|ARM.ActiveCfg = Release|Any CPU
		{993C46EC-4BAA-4CBB-925D-55AC3674DAFC}.AppStore|ARM.Build.0 = Release|Any CPU
		{993C46EC-4BAA-4CBB-925D-55AC3674DAFC}.AppStore|iPhone.ActiveCfg = Release|Any CPU
		{993C46EC-4BAA-4CBB-925D-55AC3674DAFC}.AppStore|iPhone.Build.0 = Release|Any CPU
		{993C46EC-4BAA-4CBB-925D-55AC3674DAFC}.AppStore|iPhoneSimulator.ActiveCfg = Release|Any CPU
		{993C46EC-4BAA-4CBB-925D-55AC3674DAFC}.AppStore|iPhoneSimulator.Build.0 = Release|Any CPU
		{993C46EC-4BAA-4CBB-925D-55AC3674DAFC}.AppStore|x64.ActiveCfg = Release|Any CPU
		{993C46EC-4BAA-4CBB-925D-55AC3674DAFC}.AppStore|x64.Build.0 = Release|Any CPU
		{993C46EC-4BAA-4CBB-925D-55AC3674DAFC}.AppStore|x86.ActiveCfg = Release|Any CPU
		{993C46EC-4BAA-4CBB-925D-55AC3674DAFC}.AppStore|x86.Build.0 = Release|Any CPU
		{993C46EC-4BAA-4CBB-925D-55AC3674DAFC}.Debug|Any CPU.ActiveCfg = Debug|Any CPU
		{993C46EC-4BAA-4CBB-925D-55AC3674DAFC}.Debug|Any CPU.Build.0 = Debug|Any CPU
		{993C46EC-4BAA-4CBB-925D-55AC3674DAFC}.Debug|ARM.ActiveCfg = Debug|Any CPU
		{993C46EC-4BAA-4CBB-925D-55AC3674DAFC}.Debug|ARM.Build.0 = Debug|Any CPU
		{993C46EC-4BAA-4CBB-925D-55AC3674DAFC}.Debug|iPhone.ActiveCfg = Debug|Any CPU
		{993C46EC-4BAA-4CBB-925D-55AC3674DAFC}.Debug|iPhone.Build.0 = Debug|Any CPU
		{993C46EC-4BAA-4CBB-925D-55AC3674DAFC}.Debug|iPhoneSimulator.ActiveCfg = Debug|Any CPU
		{993C46EC-4BAA-4CBB-925D-55AC3674DAFC}.Debug|iPhoneSimulator.Build.0 = Debug|Any CPU
		{993C46EC-4BAA-4CBB-925D-55AC3674DAFC}.Debug|x64.ActiveCfg = Debug|Any CPU
		{993C46EC-4BAA-4CBB-925D-55AC3674DAFC}.Debug|x64.Build.0 = Debug|Any CPU
		{993C46EC-4BAA-4CBB-925D-55AC3674DAFC}.Debug|x86.ActiveCfg = Debug|Any CPU
		{993C46EC-4BAA-4CBB-925D-55AC3674DAFC}.Debug|x86.Build.0 = Debug|Any CPU
		{993C46EC-4BAA-4CBB-925D-55AC3674DAFC}.Release|Any CPU.ActiveCfg = Release|Any CPU
		{993C46EC-4BAA-4CBB-925D-55AC3674DAFC}.Release|Any CPU.Build.0 = Release|Any CPU
		{993C46EC-4BAA-4CBB-925D-55AC3674DAFC}.Release|ARM.ActiveCfg = Release|Any CPU
		{993C46EC-4BAA-4CBB-925D-55AC3674DAFC}.Release|ARM.Build.0 = Release|Any CPU
		{993C46EC-4BAA-4CBB-925D-55AC3674DAFC}.Release|iPhone.ActiveCfg = Release|Any CPU
		{993C46EC-4BAA-4CBB-925D-55AC3674DAFC}.Release|iPhone.Build.0 = Release|Any CPU
		{993C46EC-4BAA-4CBB-925D-55AC3674DAFC}.Release|iPhoneSimulator.ActiveCfg = Release|Any CPU
		{993C46EC-4BAA-4CBB-925D-55AC3674DAFC}.Release|iPhoneSimulator.Build.0 = Release|Any CPU
		{993C46EC-4BAA-4CBB-925D-55AC3674DAFC}.Release|x64.ActiveCfg = Release|Any CPU
		{993C46EC-4BAA-4CBB-925D-55AC3674DAFC}.Release|x64.Build.0 = Release|Any CPU
		{993C46EC-4BAA-4CBB-925D-55AC3674DAFC}.Release|x86.ActiveCfg = Release|Any CPU
		{993C46EC-4BAA-4CBB-925D-55AC3674DAFC}.Release|x86.Build.0 = Release|Any CPU
		{D60D9480-6809-4909-A37F-C69A76EF2776}.Ad-Hoc|Any CPU.ActiveCfg = Release|x86
		{D60D9480-6809-4909-A37F-C69A76EF2776}.Ad-Hoc|Any CPU.Build.0 = Release|x86
		{D60D9480-6809-4909-A37F-C69A76EF2776}.Ad-Hoc|Any CPU.Deploy.0 = Release|x86
		{D60D9480-6809-4909-A37F-C69A76EF2776}.Ad-Hoc|ARM.ActiveCfg = Release|ARM
		{D60D9480-6809-4909-A37F-C69A76EF2776}.Ad-Hoc|ARM.Build.0 = Release|ARM
		{D60D9480-6809-4909-A37F-C69A76EF2776}.Ad-Hoc|ARM.Deploy.0 = Release|ARM
		{D60D9480-6809-4909-A37F-C69A76EF2776}.Ad-Hoc|iPhone.ActiveCfg = Release|x86
		{D60D9480-6809-4909-A37F-C69A76EF2776}.Ad-Hoc|iPhone.Build.0 = Release|x86
		{D60D9480-6809-4909-A37F-C69A76EF2776}.Ad-Hoc|iPhone.Deploy.0 = Release|x86
		{D60D9480-6809-4909-A37F-C69A76EF2776}.Ad-Hoc|iPhoneSimulator.ActiveCfg = Release|x86
		{D60D9480-6809-4909-A37F-C69A76EF2776}.Ad-Hoc|iPhoneSimulator.Build.0 = Release|x86
		{D60D9480-6809-4909-A37F-C69A76EF2776}.Ad-Hoc|iPhoneSimulator.Deploy.0 = Release|x86
		{D60D9480-6809-4909-A37F-C69A76EF2776}.Ad-Hoc|x64.ActiveCfg = Release|x64
		{D60D9480-6809-4909-A37F-C69A76EF2776}.Ad-Hoc|x64.Build.0 = Release|x64
		{D60D9480-6809-4909-A37F-C69A76EF2776}.Ad-Hoc|x64.Deploy.0 = Release|x64
		{D60D9480-6809-4909-A37F-C69A76EF2776}.Ad-Hoc|x86.ActiveCfg = Release|x86
		{D60D9480-6809-4909-A37F-C69A76EF2776}.Ad-Hoc|x86.Build.0 = Release|x86
		{D60D9480-6809-4909-A37F-C69A76EF2776}.Ad-Hoc|x86.Deploy.0 = Release|x86
		{D60D9480-6809-4909-A37F-C69A76EF2776}.AppStore|Any CPU.ActiveCfg = Release|x86
		{D60D9480-6809-4909-A37F-C69A76EF2776}.AppStore|Any CPU.Build.0 = Release|x86
		{D60D9480-6809-4909-A37F-C69A76EF2776}.AppStore|Any CPU.Deploy.0 = Release|x86
		{D60D9480-6809-4909-A37F-C69A76EF2776}.AppStore|ARM.ActiveCfg = Release|ARM
		{D60D9480-6809-4909-A37F-C69A76EF2776}.AppStore|ARM.Build.0 = Release|ARM
		{D60D9480-6809-4909-A37F-C69A76EF2776}.AppStore|ARM.Deploy.0 = Release|ARM
		{D60D9480-6809-4909-A37F-C69A76EF2776}.AppStore|iPhone.ActiveCfg = Release|x86
		{D60D9480-6809-4909-A37F-C69A76EF2776}.AppStore|iPhone.Build.0 = Release|x86
		{D60D9480-6809-4909-A37F-C69A76EF2776}.AppStore|iPhone.Deploy.0 = Release|x86
		{D60D9480-6809-4909-A37F-C69A76EF2776}.AppStore|iPhoneSimulator.ActiveCfg = Release|x86
		{D60D9480-6809-4909-A37F-C69A76EF2776}.AppStore|iPhoneSimulator.Build.0 = Release|x86
		{D60D9480-6809-4909-A37F-C69A76EF2776}.AppStore|iPhoneSimulator.Deploy.0 = Release|x86
		{D60D9480-6809-4909-A37F-C69A76EF2776}.AppStore|x64.ActiveCfg = Release|x64
		{D60D9480-6809-4909-A37F-C69A76EF2776}.AppStore|x64.Build.0 = Release|x64
		{D60D9480-6809-4909-A37F-C69A76EF2776}.AppStore|x64.Deploy.0 = Release|x64
		{D60D9480-6809-4909-A37F-C69A76EF2776}.AppStore|x86.ActiveCfg = Release|x86
		{D60D9480-6809-4909-A37F-C69A76EF2776}.AppStore|x86.Build.0 = Release|x86
		{D60D9480-6809-4909-A37F-C69A76EF2776}.AppStore|x86.Deploy.0 = Release|x86
		{D60D9480-6809-4909-A37F-C69A76EF2776}.Debug|Any CPU.ActiveCfg = Debug|x64
		{D60D9480-6809-4909-A37F-C69A76EF2776}.Debug|ARM.ActiveCfg = Debug|ARM
		{D60D9480-6809-4909-A37F-C69A76EF2776}.Debug|ARM.Build.0 = Debug|ARM
		{D60D9480-6809-4909-A37F-C69A76EF2776}.Debug|ARM.Deploy.0 = Debug|ARM
		{D60D9480-6809-4909-A37F-C69A76EF2776}.Debug|iPhone.ActiveCfg = Debug|x86
		{D60D9480-6809-4909-A37F-C69A76EF2776}.Debug|iPhoneSimulator.ActiveCfg = Debug|x86
		{D60D9480-6809-4909-A37F-C69A76EF2776}.Debug|x64.ActiveCfg = Debug|x64
		{D60D9480-6809-4909-A37F-C69A76EF2776}.Debug|x64.Build.0 = Debug|x64
		{D60D9480-6809-4909-A37F-C69A76EF2776}.Debug|x64.Deploy.0 = Debug|x64
		{D60D9480-6809-4909-A37F-C69A76EF2776}.Debug|x86.ActiveCfg = Debug|x86
		{D60D9480-6809-4909-A37F-C69A76EF2776}.Debug|x86.Build.0 = Debug|x86
		{D60D9480-6809-4909-A37F-C69A76EF2776}.Debug|x86.Deploy.0 = Debug|x86
		{D60D9480-6809-4909-A37F-C69A76EF2776}.Release|Any CPU.ActiveCfg = Release|x86
		{D60D9480-6809-4909-A37F-C69A76EF2776}.Release|ARM.ActiveCfg = Release|ARM
		{D60D9480-6809-4909-A37F-C69A76EF2776}.Release|ARM.Build.0 = Release|ARM
		{D60D9480-6809-4909-A37F-C69A76EF2776}.Release|ARM.Deploy.0 = Release|ARM
		{D60D9480-6809-4909-A37F-C69A76EF2776}.Release|iPhone.ActiveCfg = Release|x86
		{D60D9480-6809-4909-A37F-C69A76EF2776}.Release|iPhoneSimulator.ActiveCfg = Release|x86
		{D60D9480-6809-4909-A37F-C69A76EF2776}.Release|x64.ActiveCfg = Release|x64
		{D60D9480-6809-4909-A37F-C69A76EF2776}.Release|x64.Build.0 = Release|x64
		{D60D9480-6809-4909-A37F-C69A76EF2776}.Release|x64.Deploy.0 = Release|x64
		{D60D9480-6809-4909-A37F-C69A76EF2776}.Release|x86.ActiveCfg = Release|x86
		{D60D9480-6809-4909-A37F-C69A76EF2776}.Release|x86.Build.0 = Release|x86
		{D60D9480-6809-4909-A37F-C69A76EF2776}.Release|x86.Deploy.0 = Release|x86
	EndGlobalSection
	GlobalSection(SolutionProperties) = preSolution
		HideSolutionNode = FALSE
	EndGlobalSection
EndGlobal
